
Microsoft Visual Studio Solution File, Format Version 12.00
# Visual Studio Version 16
VisualStudioVersion = 16.0.30114.105
MinimumVisualStudioVersion = 10.0.40219.1
Project("{FAE04EC0-301F-11D3-BF4B-00C04F79EFBC}") = "Import", "Import\Import.csproj", "{066309EA-2D05-4134-8172-4ADF277F893A}"
EndProject
Project("{FAE04EC0-301F-11D3-BF4B-00C04F79EFBC}") = "Infra", "Infra\Infra.csproj", "{106E8BFE-AE5B-4940-A11F-DCB5289FAE0B}"
EndProject
Project("{FAE04EC0-301F-11D3-BF4B-00C04F79EFBC}") = "Core", "Core\Core.csproj", "{749F9EF9-2E85-4FE5-A141-7E58FD785C01}"
EndProject
Global
	GlobalSection(SolutionConfigurationPlatforms) = preSolution
		Debug|Any CPU = Debug|Any CPU
		Release|Any CPU = Release|Any CPU
	EndGlobalSection
	GlobalSection(SolutionProperties) = preSolution
		HideSolutionNode = FALSE
	EndGlobalSection
	GlobalSection(ProjectConfigurationPlatforms) = postSolution
		{066309EA-2D05-4134-8172-4ADF277F893A}.Debug|Any CPU.ActiveCfg = Debug|Any CPU
		{066309EA-2D05-4134-8172-4ADF277F893A}.Debug|Any CPU.Build.0 = Debug|Any CPU
		{066309EA-2D05-4134-8172-4ADF277F893A}.Release|Any CPU.ActiveCfg = Release|Any CPU
		{066309EA-2D05-4134-8172-4ADF277F893A}.Release|Any CPU.Build.0 = Release|Any CPU
		{106E8BFE-AE5B-4940-A11F-DCB5289FAE0B}.Debug|Any CPU.ActiveCfg = Debug|Any CPU
		{106E8BFE-AE5B-4940-A11F-DCB5289FAE0B}.Debug|Any CPU.Build.0 = Debug|Any CPU
		{106E8BFE-AE5B-4940-A11F-DCB5289FAE0B}.Release|Any CPU.ActiveCfg = Release|Any CPU
		{106E8BFE-AE5B-4940-A11F-DCB5289FAE0B}.Release|Any CPU.Build.0 = Release|Any CPU
		{749F9EF9-2E85-4FE5-A141-7E58FD785C01}.Debug|Any CPU.ActiveCfg = Debug|Any CPU
		{749F9EF9-2E85-4FE5-A141-7E58FD785C01}.Debug|Any CPU.Build.0 = Debug|Any CPU
		{749F9EF9-2E85-4FE5-A141-7E58FD785C01}.Release|Any CPU.ActiveCfg = Release|Any CPU
		{749F9EF9-2E85-4FE5-A141-7E58FD785C01}.Release|Any CPU.Build.0 = Release|Any CPU
	EndGlobalSection
EndGlobal
